
Microsoft Visual Studio Solution File, Format Version 12.00
# Visual Studio Version 17
VisualStudioVersion = 17.0.31903.59
MinimumVisualStudioVersion = 10.0.40219.1
Project("{FAE04EC0-301F-11D3-BF4B-00C04F79EFBC}") = "NoChat.App", "NoChat.App\NoChat.App.csproj", "{F2294FB4-502E-4D34-8E6F-72F739457634}"
EndProject
Project("{FAE04EC0-301F-11D3-BF4B-00C04F79EFBC}") = "NoChat.Core", "NoChat.Core\NoChat.Core.csproj", "{EFBAC483-1377-44F2-B51D-F235ED968816}"
EndProject
Global
	GlobalSection(SolutionConfigurationPlatforms) = preSolution
		Debug|Any CPU = Debug|Any CPU
		Debug|x64 = Debug|x64
		Debug|x86 = Debug|x86
		Release|Any CPU = Release|Any CPU
		Release|x64 = Release|x64
		Release|x86 = Release|x86
	EndGlobalSection
	GlobalSection(ProjectConfigurationPlatforms) = postSolution
		{F2294FB4-502E-4D34-8E6F-72F739457634}.Debug|Any CPU.ActiveCfg = Debug|Any CPU
		{F2294FB4-502E-4D34-8E6F-72F739457634}.Debug|Any CPU.Build.0 = Debug|Any CPU
		{F2294FB4-502E-4D34-8E6F-72F739457634}.Debug|x64.ActiveCfg = Debug|Any CPU
		{F2294FB4-502E-4D34-8E6F-72F739457634}.Debug|x64.Build.0 = Debug|Any CPU
		{F2294FB4-502E-4D34-8E6F-72F739457634}.Debug|x86.ActiveCfg = Debug|Any CPU
		{F2294FB4-502E-4D34-8E6F-72F739457634}.Debug|x86.Build.0 = Debug|Any CPU
		{F2294FB4-502E-4D34-8E6F-72F739457634}.Release|Any CPU.ActiveCfg = Release|Any CPU
		{F2294FB4-502E-4D34-8E6F-72F739457634}.Release|Any CPU.Build.0 = Release|Any CPU
		{F2294FB4-502E-4D34-8E6F-72F739457634}.Release|x64.ActiveCfg = Release|Any CPU
		{F2294FB4-502E-4D34-8E6F-72F739457634}.Release|x64.Build.0 = Release|Any CPU
		{F2294FB4-502E-4D34-8E6F-72F739457634}.Release|x86.ActiveCfg = Release|Any CPU
		{F2294FB4-502E-4D34-8E6F-72F739457634}.Release|x86.Build.0 = Release|Any CPU
		{EFBAC483-1377-44F2-B51D-F235ED968816}.Debug|Any CPU.ActiveCfg = Debug|Any CPU
		{EFBAC483-1377-44F2-B51D-F235ED968816}.Debug|Any CPU.Build.0 = Debug|Any CPU
		{EFBAC483-1377-44F2-B51D-F235ED968816}.Debug|x64.ActiveCfg = Debug|Any CPU
		{EFBAC483-1377-44F2-B51D-F235ED968816}.Debug|x64.Build.0 = Debug|Any CPU
		{EFBAC483-1377-44F2-B51D-F235ED968816}.Debug|x86.ActiveCfg = Debug|Any CPU
		{EFBAC483-1377-44F2-B51D-F235ED968816}.Debug|x86.Build.0 = Debug|Any CPU
		{EFBAC483-1377-44F2-B51D-F235ED968816}.Release|Any CPU.ActiveCfg = Release|Any CPU
		{EFBAC483-1377-44F2-B51D-F235ED968816}.Release|Any CPU.Build.0 = Release|Any CPU
		{EFBAC483-1377-44F2-B51D-F235ED968816}.Release|x64.ActiveCfg = Release|Any CPU
		{EFBAC483-1377-44F2-B51D-F235ED968816}.Release|x64.Build.0 = Release|Any CPU
		{EFBAC483-1377-44F2-B51D-F235ED968816}.Release|x86.ActiveCfg = Release|Any CPU
		{EFBAC483-1377-44F2-B51D-F235ED968816}.Release|x86.Build.0 = Release|Any CPU
	EndGlobalSection
	GlobalSection(SolutionProperties) = preSolution
		HideSolutionNode = FALSE
	EndGlobalSection
EndGlobal
